Microsoft Visual Studio Solution File, Format Version 12.00
# Visual Studio 2012
Project("{FAE04EC0-301F-11D3-BF4B-00C04F79EFBC}") = "CMOT-Jam-Project", "CMOT-Jam-Project.csproj", "{716DE2E1-5E56-48F5-8852-85B2C8ACD6E3}"
EndProject
Global
	GlobalSection(SolutionConfigurationPlatforms) = preSolution
	Debug|Any CPU = Debug|Any CPU
	ExportDebug|Any CPU = ExportDebug|Any CPU
	ExportRelease|Any CPU = ExportRelease|Any CPU
	EndGlobalSection
	GlobalSection(ProjectConfigurationPlatforms) = postSolution
		{716DE2E1-5E56-48F5-8852-85B2C8ACD6E3}.Debug|Any CPU.ActiveCfg = Debug|Any CPU
		{716DE2E1-5E56-48F5-8852-85B2C8ACD6E3}.Debug|Any CPU.Build.0 = Debug|Any CPU
		{716DE2E1-5E56-48F5-8852-85B2C8ACD6E3}.ExportDebug|Any CPU.ActiveCfg = ExportDebug|Any CPU
		{716DE2E1-5E56-48F5-8852-85B2C8ACD6E3}.ExportDebug|Any CPU.Build.0 = ExportDebug|Any CPU
		{716DE2E1-5E56-48F5-8852-85B2C8ACD6E3}.ExportRelease|Any CPU.ActiveCfg = ExportRelease|Any CPU
		{716DE2E1-5E56-48F5-8852-85B2C8ACD6E3}.ExportRelease|Any CPU.Build.0 = ExportRelease|Any CPU
	EndGlobalSection
EndGlobal
